
Microsoft Visual Studio Solution File, Format Version 12.00
# Visual Studio Version 17
VisualStudioVersion = 17.7.34221.43
MinimumVisualStudioVersion = 10.0.40219.1
Project("{FAE04EC0-301F-11D3-BF4B-00C04F79EFBC}") = "App.Android", "App\App.Android\App.Android.csproj", "{E26E0D6F-A7E1-4DDD-BD05-5AB6684B6518}"
EndProject
Project("{FAE04EC0-301F-11D3-BF4B-00C04F79EFBC}") = "App.iOS", "App\App.iOS\App.iOS.csproj", "{E8C77CF8-05D3-46C4-A52B-83BEC92998C0}"
EndProject
Project("{FAE04EC0-301F-11D3-BF4B-00C04F79EFBC}") = "App", "App\App\App.csproj", "{BCD24D72-23D1-4691-88FC-CEA20F1D46C4}"
EndProject
Global
	GlobalSection(SolutionConfigurationPlatforms) = preSolution
		Debug|Any CPU = Debug|Any CPU
		Debug|iPhone = Debug|iPhone
		Debug|iPhoneSimulator = Debug|iPhoneSimulator
		Release|Any CPU = Release|Any CPU
		Release|iPhone = Release|iPhone
		Release|iPhoneSimulator = Release|iPhoneSimulator
	EndGlobalSection
	GlobalSection(ProjectConfigurationPlatforms) = postSolution
		{E26E0D6F-A7E1-4DDD-BD05-5AB6684B6518}.Debug|Any CPU.ActiveCfg = Debug|Any CPU
		{E26E0D6F-A7E1-4DDD-BD05-5AB6684B6518}.Debug|Any CPU.Build.0 = Debug|Any CPU
		{E26E0D6F-A7E1-4DDD-BD05-5AB6684B6518}.Debug|Any CPU.Deploy.0 = Debug|Any CPU
		{E26E0D6F-A7E1-4DDD-BD05-5AB6684B6518}.Debug|iPhone.ActiveCfg = Debug|Any CPU
		{E26E0D6F-A7E1-4DDD-BD05-5AB6684B6518}.Debug|iPhone.Build.0 = Debug|Any CPU
		{E26E0D6F-A7E1-4DDD-BD05-5AB6684B6518}.Debug|iPhone.Deploy.0 = Debug|Any CPU
		{E26E0D6F-A7E1-4DDD-BD05-5AB6684B6518}.Debug|iPhoneSimulator.ActiveCfg = Debug|Any CPU
		{E26E0D6F-A7E1-4DDD-BD05-5AB6684B6518}.Debug|iPhoneSimulator.Build.0 = Debug|Any CPU
		{E26E0D6F-A7E1-4DDD-BD05-5AB6684B6518}.Debug|iPhoneSimulator.Deploy.0 = Debug|Any CPU
		{E26E0D6F-A7E1-4DDD-BD05-5AB6684B6518}.Release|Any CPU.ActiveCfg = Release|Any CPU
		{E26E0D6F-A7E1-4DDD-BD05-5AB6684B6518}.Release|Any CPU.Build.0 = Release|Any CPU
		{E26E0D6F-A7E1-4DDD-BD05-5AB6684B6518}.Release|Any CPU.Deploy.0 = Release|Any CPU
		{E26E0D6F-A7E1-4DDD-BD05-5AB6684B6518}.Release|iPhone.ActiveCfg = Release|Any CPU
		{E26E0D6F-A7E1-4DDD-BD05-5AB6684B6518}.Release|iPhone.Build.0 = Release|Any CPU
		{E26E0D6F-A7E1-4DDD-BD05-5AB6684B6518}.Release|iPhone.Deploy.0 = Release|Any CPU
		{E26E0D6F-A7E1-4DDD-BD05-5AB6684B6518}.Release|iPhoneSimulator.ActiveCfg = Release|Any CPU
		{E26E0D6F-A7E1-4DDD-BD05-5AB6684B6518}.Release|iPhoneSimulator.Build.0 = Release|Any CPU
		{E26E0D6F-A7E1-4DDD-BD05-5AB6684B6518}.Release|iPhoneSimulator.Deploy.0 = Release|Any CPU
		{E8C77CF8-05D3-46C4-A52B-83BEC92998C0}.Debug|Any CPU.ActiveCfg = Debug|iPhone
		{E8C77CF8-05D3-46C4-A52B-83BEC92998C0}.Debug|Any CPU.Build.0 = Debug|iPhone
		{E8C77CF8-05D3-46C4-A52B-83BEC92998C0}.Debug|Any CPU.Deploy.0 = Debug|iPhone
		{E8C77CF8-05D3-46C4-A52B-83BEC92998C0}.Debug|iPhone.ActiveCfg = Debug|iPhone
		{E8C77CF8-05D3-46C4-A52B-83BEC92998C0}.Debug|iPhone.Build.0 = Debug|iPhone
		{E8C77CF8-05D3-46C4-A52B-83BEC92998C0}.Debug|iPhone.Deploy.0 = Debug|iPhone
		{E8C77CF8-05D3-46C4-A52B-83BEC92998C0}.Debug|iPhoneSimulator.ActiveCfg = Debug|iPhoneSimulator
		{E8C77CF8-05D3-46C4-A52B-83BEC92998C0}.Debug|iPhoneSimulator.Build.0 = Debug|iPhoneSimulator
		{E8C77CF8-05D3-46C4-A52B-83BEC92998C0}.Debug|iPhoneSimulator.Deploy.0 = Debug|iPhoneSimulator
		{E8C77CF8-05D3-46C4-A52B-83BEC92998C0}.Release|Any CPU.ActiveCfg = Release|iPhoneSimulator
		{E8C77CF8-05D3-46C4-A52B-83BEC92998C0}.Release|Any CPU.Build.0 = Release|iPhoneSimulator
		{E8C77CF8-05D3-46C4-A52B-83BEC92998C0}.Release|Any CPU.Deploy.0 = Release|iPhoneSimulator
		{E8C77CF8-05D3-46C4-A52B-83BEC92998C0}.Release|iPhone.ActiveCfg = Release|iPhone
		{E8C77CF8-05D3-46C4-A52B-83BEC92998C0}.Release|iPhone.Build.0 = Release|iPhone
		{E8C77CF8-05D3-46C4-A52B-83BEC92998C0}.Release|iPhone.Deploy.0 = Release|iPhone
		{E8C77CF8-05D3-46C4-A52B-83BEC92998C0}.Release|iPhoneSimulator.ActiveCfg = Release|iPhoneSimulator
		{E8C77CF8-05D3-46C4-A52B-83BEC92998C0}.Release|iPhoneSimulator.Build.0 = Release|iPhoneSimulator
		{E8C77CF8-05D3-46C4-A52B-83BEC92998C0}.Release|iPhoneSimulator.Deploy.0 = Release|iPhoneSimulator
		{BCD24D72-23D1-4691-88FC-CEA20F1D46C4}.Debug|Any CPU.ActiveCfg = Debug|Any CPU
		{BCD24D72-23D1-4691-88FC-CEA20F1D46C4}.Debug|Any CPU.Build.0 = Debug|Any CPU
		{BCD24D72-23D1-4691-88FC-CEA20F1D46C4}.Debug|Any CPU.Deploy.0 = Debug|Any CPU
		{BCD24D72-23D1-4691-88FC-CEA20F1D46C4}.Debug|iPhone.ActiveCfg = Debug|Any CPU
		{BCD24D72-23D1-4691-88FC-CEA20F1D46C4}.Debug|iPhone.Build.0 = Debug|Any CPU
		{BCD24D72-23D1-4691-88FC-CEA20F1D46C4}.Debug|iPhone.Deploy.0 = Debug|Any CPU
		{BCD24D72-23D1-4691-88FC-CEA20F1D46C4}.Debug|iPhoneSimulator.ActiveCfg = Debug|Any CPU
		{BCD24D72-23D1-4691-88FC-CEA20F1D46C4}.Debug|iPhoneSimulator.Build.0 = Debug|Any CPU
		{BCD24D72-23D1-4691-88FC-CEA20F1D46C4}.Debug|iPhoneSimulator.Deploy.0 = Debug|Any CPU
		{BCD24D72-23D1-4691-88FC-CEA20F1D46C4}.Release|Any CPU.ActiveCfg = Release|Any CPU
		{BCD24D72-23D1-4691-88FC-CEA20F1D46C4}.Release|Any CPU.Build.0 = Release|Any CPU
		{BCD24D72-23D1-4691-88FC-CEA20F1D46C4}.Release|Any CPU.Deploy.0 = Release|Any CPU
		{BCD24D72-23D1-4691-88FC-CEA20F1D46C4}.Release|iPhone.ActiveCfg = Release|Any CPU
		{BCD24D72-23D1-4691-88FC-CEA20F1D46C4}.Release|iPhone.Build.0 = Release|Any CPU
		{BCD24D72-23D1-4691-88FC-CEA20F1D46C4}.Release|iPhone.Deploy.0 = Release|Any CPU
		{BCD24D72-23D1-4691-88FC-CEA20F1D46C4}.Release|iPhoneSimulator.ActiveCfg = Release|Any CPU
		{BCD24D72-23D1-4691-88FC-CEA20F1D46C4}.Release|iPhoneSimulator.Build.0 = Release|Any CPU
		{BCD24D72-23D1-4691-88FC-CEA20F1D46C4}.Release|iPhoneSimulator.Deploy.0 = Release|Any CPU
	EndGlobalSection
	GlobalSection(SolutionProperties) = preSolution
		HideSolutionNode = FALSE
	EndGlobalSection
	GlobalSection(ExtensibilityGlobals) = postSolution
		SolutionGuid = {2F407895-6E58-44E3-9F6C-F718B3005875}
	EndGlobalSection
EndGlobal
